
Microsoft Visual Studio Solution File, Format Version 12.00
# Visual Studio 15
Project("{FAE04EC0-301F-11D3-BF4B-00C04F79EFBC}") = "Assembly-CSharp", "Assembly-CSharp.csproj", "{8F4DEDA5-9E46-D650-1926-9EA660A8D539}"
EndProject
Global
	GlobalSection(SolutionConfigurationPlatforms) = preSolution
		Debug|Any CPU = Debug|Any CPU
		Release|Any CPU = Release|Any CPU
	EndGlobalSection
	GlobalSection(ProjectConfigurationPlatforms) = postSolution
		{8F4DEDA5-9E46-D650-1926-9EA660A8D539}.Debug|Any CPU.ActiveCfg = Debug|Any CPU
		{8F4DEDA5-9E46-D650-1926-9EA660A8D539}.Debug|Any CPU.Build.0 = Debug|Any CPU
		{8F4DEDA5-9E46-D650-1926-9EA660A8D539}.Release|Any CPU.ActiveCfg = Release|Any CPU
		{8F4DEDA5-9E46-D650-1926-9EA660A8D539}.Release|Any CPU.Build.0 = Release|Any CPU
	EndGlobalSection
	GlobalSection(SolutionProperties) = preSolution
		HideSolutionNode = FALSE
	EndGlobalSection
EndGlobal
